
Microsoft Visual Studio Solution File, Format Version 12.00
# Visual Studio Version 17
VisualStudioVersion = 17.4.33213.308
MinimumVisualStudioVersion = 10.0.40219.1
Project("{FAE04EC0-301F-11D3-BF4B-00C04F79EFBC}") = "SimpleWebserver", "SimpleWebserver\SimpleWebserver.csproj", "{BEFFBF25-A383-45D5-9333-ABCBC098D550}"
EndProject
Global
	GlobalSection(SolutionConfigurationPlatforms) = preSolution
		Debug|Any CPU = Debug|Any CPU
		Release|Any CPU = Release|Any CPU
	EndGlobalSection
	GlobalSection(ProjectConfigurationPlatforms) = postSolution
		{BEFFBF25-A383-45D5-9333-ABCBC098D550}.Debug|Any CPU.ActiveCfg = Debug|Any CPU
		{BEFFBF25-A383-45D5-9333-ABCBC098D550}.Debug|Any CPU.Build.0 = Debug|Any CPU
		{BEFFBF25-A383-45D5-9333-ABCBC098D550}.Release|Any CPU.ActiveCfg = Release|Any CPU
		{BEFFBF25-A383-45D5-9333-ABCBC098D550}.Release|Any CPU.Build.0 = Release|Any CPU
	EndGlobalSection
	GlobalSection(SolutionProperties) = preSolution
		HideSolutionNode = FALSE
	EndGlobalSection
	GlobalSection(ExtensibilityGlobals) = postSolution
		SolutionGuid = {3A20B2DF-3B26-4A43-A79D-BF24A164B17D}
	EndGlobalSection
EndGlobal
